// !$*UTF8*$!
{
	archiveVersion = 1;
	classes = {
	};
	objectVersion = 56;
	objects = {

/* Begin PBXBuildFile section */
		84C0651A2C3DABEB00320ACA /* WordFinderApp.swift in Sources */ = {isa = PBXBuildFile; fileRef = 84C065192C3DABEB00320ACA /* WordFinderApp.swift */; };
		84C0651C2C3DABEB00320ACA /* ContentView.swift in Sources */ = {isa = PBXBuildFile; fileRef = 84C0651B2C3DABEB00320ACA /* ContentView.swift */; };
		84C0651E2C3DABEE00320ACA /* Assets.xcassets in Resources */ = {isa = PBXBuildFile; fileRef = 84C0651D2C3DABEE00320ACA /* Assets.xcassets */; };
		84C065212C3DABEE00320ACA /* Preview Assets.xcassets in Resources */ = {isa = PBXBuildFile; fileRef = 84C065202C3DABEE00320ACA /* Preview Assets.xcassets */; };
		84C0652B2C3DABEF00320ACA /* WordFinderTests.swift in Sources */ = {isa = PBXBuildFile; fileRef = 84C0652A2C3DABEF00320ACA /* WordFinderTests.swift */; };
		84C065352C3DABEF00320ACA /* WordFinderUITests.swift in Sources */ = {isa = PBXBuildFile; fileRef = 84C065342C3DABEF00320ACA /* WordFinderUITests.swift */; };
		84C065372C3DABEF00320ACA /* WordFinderUITestsLaunchTests.swift in Sources */ = {isa = PBXBuildFile; fileRef = 84C065362C3DABEF00320ACA /* WordFinderUITestsLaunchTests.swift */; };
		84D54E632C3E08D60086FFCB /* Search in Frameworks */ = {isa = PBXBuildFile; productRef = 84D54E622C3E08D60086FFCB /* Search */; };
/* End PBXBuildFile section */

/* Begin PBXContainerItemProxy section */
		84C065272C3DABEF00320ACA /* PBXContainerItemProxy */ = {
			isa = PBXContainerItemProxy;
			containerPortal = 84C0650E2C3DABEA00320ACA /* Project object */;
			proxyType = 1;
			remoteGlobalIDString = 84C065152C3DABEB00320ACA;
			remoteInfo = WordFinder;
		};
		84C065312C3DABEF00320ACA /* PBXContainerItemProxy */ = {
			isa = PBXContainerItemProxy;
			containerPortal = 84C0650E2C3DABEA00320ACA /* Project object */;
			proxyType = 1;
			remoteGlobalIDString = 84C065152C3DABEB00320ACA;
			remoteInfo = WordFinder;
		};
/* End PBXContainerItemProxy section */

/* Begin PBXFileReference section */
		84C065162C3DABEB00320ACA /* WordFinder.app */ = {isa = PBXFileReference; explicitFileType = wrapper.application; includeInIndex = 0; path = WordFinder.app; sourceTree = BUILT_PRODUCTS_DIR; };
		84C065192C3DABEB00320ACA /* WordFinderApp.swift */ = {isa = PBXFileReference; lastKnownFileType = sourcecode.swift; path = WordFinderApp.swift; sourceTree = "<group>"; };
		84C0651B2C3DABEB00320ACA /* ContentView.swift */ = {isa = PBXFileReference; lastKnownFileType = sourcecode.swift; path = ContentView.swift; sourceTree = "<group>"; };
		84C0651D2C3DABEE00320ACA /* Assets.xcassets */ = {isa = PBXFileReference; lastKnownFileType = folder.assetcatalog; path = Assets.xcassets; sourceTree = "<group>"; };
		84C065202C3DABEE00320ACA /* Preview Assets.xcassets */ = {isa = PBXFileReference; lastKnownFileType = folder.assetcatalog; path = "Preview Assets.xcassets"; sourceTree = "<group>"; };
		84C065262C3DABEF00320ACA /* WordFinderTests.xctest */ = {isa = PBXFileReference; explicitFileType = wrapper.cfbundle; includeInIndex = 0; path = WordFinderTests.xctest; sourceTree = BUILT_PRODUCTS_DIR; };
		84C0652A2C3DABEF00320ACA /* WordFinderTests.swift */ = {isa = PBXFileReference; lastKnownFileType = sourcecode.swift; path = WordFinderTests.swift; sourceTree = "<group>"; };
		84C065302C3DABEF00320ACA /* WordFinderUITests.xctest */ = {isa = PBXFileReference; explicitFileType = wrapper.cfbundle; includeInIndex = 0; path = WordFinderUITests.xctest; sourceTree = BUILT_PRODUCTS_DIR; };
		84C065342C3DABEF00320ACA /* WordFinderUITests.swift */ = {isa = PBXFileReference; lastKnownFileType = sourcecode.swift; path = WordFinderUITests.swift; sourceTree = "<group>"; };
		84C065362C3DABEF00320ACA /* WordFinderUITestsLaunchTests.swift */ = {isa = PBXFileReference; lastKnownFileType = sourcecode.swift; path = WordFinderUITestsLaunchTests.swift; sourceTree = "<group>"; };
		84C065432C3DAC6200320ACA /* Package */ = {isa = PBXFileReference; lastKnownFileType = wrapper; path = Package; sourceTree = "<group>"; };
		84D54E642C3E0B8E0086FFCB /* Info.plist */ = {isa = PBXFileReference; lastKnownFileType = text.plist; path = Info.plist; sourceTree = "<group>"; };
/* End PBXFileReference section */

/* Begin PBXFrameworksBuildPhase section */
		84C065132C3DABEB00320ACA /* Frameworks */ = {
			isa = PBXFrameworksBuildPhase;
			buildActionMask = 2147483647;
			files = (
				84D54E632C3E08D60086FFCB /* Search in Frameworks */,
			);
			runOnlyForDeploymentPostprocessing = 0;
		};
		84C065232C3DABEF00320ACA /* Frameworks */ = {
			isa = PBXFrameworksBuildPhase;
			buildActionMask = 2147483647;
			files = (
			);
			runOnlyForDeploymentPostprocessing = 0;
		};
		84C0652D2C3DABEF00320ACA /* Frameworks */ = {
			isa = PBXFrameworksBuildPhase;
			buildActionMask = 2147483647;
			files = (
			);
			runOnlyForDeploymentPostprocessing = 0;
		};
/* End PBXFrameworksBuildPhase section */

/* Begin PBXGroup section */
		84C0650D2C3DABEA00320ACA = {
			isa = PBXGroup;
			children = (
				84C065432C3DAC6200320ACA /* Package */,
				84C065182C3DABEB00320ACA /* WordFinder */,
				84C065292C3DABEF00320ACA /* WordFinderTests */,
				84C065332C3DABEF00320ACA /* WordFinderUITests */,
				84C065172C3DABEB00320ACA /* Products */,
				84D54E612C3E08D60086FFCB /* Frameworks */,
			);
			sourceTree = "<group>";
		};
		84C065172C3DABEB00320ACA /* Products */ = {
			isa = PBXGroup;
			children = (
				84C065162C3DABEB00320ACA /* WordFinder.app */,
				84C065262C3DABEF00320ACA /* WordFinderTests.xctest */,
				84C065302C3DABEF00320ACA /* WordFinderUITests.xctest */,
			);
			name = Products;
			sourceTree = "<group>";
		};
		84C065182C3DABEB00320ACA /* WordFinder */ = {
			isa = PBXGroup;
			children = (
				84D54E642C3E0B8E0086FFCB /* Info.plist */,
				84C065192C3DABEB00320ACA /* WordFinderApp.swift */,
				84C0651B2C3DABEB00320ACA /* ContentView.swift */,
				84C0651D2C3DABEE00320ACA /* Assets.xcassets */,
				84C0651F2C3DABEE00320ACA /* Preview Content */,
			);
			path = WordFinder;
			sourceTree = "<group>";
		};
		84C0651F2C3DABEE00320ACA /* Preview Content */ = {
			isa = PBXGroup;
			children = (
				84C065202C3DABEE00320ACA /* Preview Assets.xcassets */,
			);
			path = "Preview Content";
			sourceTree = "<group>";
		};
		84C065292C3DABEF00320ACA /* WordFinderTests */ = {
			isa = PBXGroup;
			children = (
				84C0652A2C3DABEF00320ACA /* WordFinderTests.swift */,
			);
			path = WordFinderTests;
			sourceTree = "<group>";
		};
		84C065332C3DABEF00320ACA /* WordFinderUITests */ = {
			isa = PBXGroup;
			children = (
				84C065342C3DABEF00320ACA /* WordFinderUITests.swift */,
				84C065362C3DABEF00320ACA /* WordFinderUITestsLaunchTests.swift */,
			);
			path = WordFinderUITests;
			sourceTree = "<group>";
		};
		84D54E612C3E08D60086FFCB /* Frameworks */ = {
			isa = PBXGroup;
			children = (
			);
			name = Frameworks;
			sourceTree = "<group>";
		};
/* End PBXGroup section */

/* Begin PBXNativeTarget section */
		84C065152C3DABEB00320ACA /* WordFinder */ = {
			isa = PBXNativeTarget;
			buildConfigurationList = 84C0653A2C3DABEF00320ACA /* Build configuration list for PBXNativeTarget "WordFinder" */;
			buildPhases = (
				84C065122C3DABEB00320ACA /* Sources */,
				84C065132C3DABEB00320ACA /* Frameworks */,
				84C065142C3DABEB00320ACA /* Resources */,
			);
			buildRules = (
			);
			dependencies = (
			);
			name = WordFinder;
			packageProductDependencies = (
				84D54E622C3E08D60086FFCB /* Search */,
			);
			productName = WordFinder;
			productReference = 84C065162C3DABEB00320ACA /* WordFinder.app */;
			productType = "com.apple.product-type.application";
		};
		84C065252C3DABEF00320ACA /* WordFinderTests */ = {
			isa = PBXNativeTarget;
			buildConfigurationList = 84C0653D2C3DABEF00320ACA /* Build configuration list for PBXNativeTarget "WordFinderTests" */;
			buildPhases = (
				84C065222C3DABEF00320ACA /* Sources */,
				84C065232C3DABEF00320ACA /* Frameworks */,
				84C065242C3DABEF00320ACA /* Resources */,
			);
			buildRules = (
			);
			dependencies = (
				84C065282C3DABEF00320ACA /* PBXTargetDependency */,
			);
			name = WordFinderTests;
			productName = WordFinderTests;
			productReference = 84C065262C3DABEF00320ACA /* WordFinderTests.xctest */;
			productType = "com.apple.product-type.bundle.unit-test";
		};
		84C0652F2C3DABEF00320ACA /* WordFinderUITests */ = {
			isa = PBXNativeTarget;
			buildConfigurationList = 84C065402C3DABEF00320ACA /* Build configuration list for PBXNativeTarget "WordFinderUITests" */;
			buildPhases = (
				84C0652C2C3DABEF00320ACA /* Sources */,
				84C0652D2C3DABEF00320ACA /* Frameworks */,
				84C0652E2C3DABEF00320ACA /* Resources */,
			);
			buildRules = (
			);
			dependencies = (
				84C065322C3DABEF00320ACA /* PBXTargetDependency */,
			);
			name = WordFinderUITests;
			productName = WordFinderUITests;
			productReference = 84C065302C3DABEF00320ACA /* WordFinderUITests.xctest */;
			productType = "com.apple.product-type.bundle.ui-testing";
		};
/* End PBXNativeTarget section */

/* Begin PBXProject section */
		84C0650E2C3DABEA00320ACA /* Project object */ = {
			isa = PBXProject;
			attributes = {
				BuildIndependentTargetsInParallel = 1;
				LastSwiftUpdateCheck = 1500;
				LastUpgradeCheck = 1500;
				TargetAttributes = {
					84C065152C3DABEB00320ACA = {
						CreatedOnToolsVersion = 15.0.1;
					};
					84C065252C3DABEF00320ACA = {
						CreatedOnToolsVersion = 15.0.1;
						TestTargetID = 84C065152C3DABEB00320ACA;
					};
					84C0652F2C3DABEF00320ACA = {
						CreatedOnToolsVersion = 15.0.1;
						TestTargetID = 84C065152C3DABEB00320ACA;
					};
				};
			};
			buildConfigurationList = 84C065112C3DABEA00320ACA /* Build configuration list for PBXProject "WordFinder" */;
			compatibilityVersion = "Xcode 14.0";
			developmentRegion = en;
			hasScannedForEncodings = 0;
			knownRegions = (
				en,
				Base,
			);
			mainGroup = 84C0650D2C3DABEA00320ACA;
			productRefGroup = 84C065172C3DABEB00320ACA /* Products */;
			projectDirPath = "";
			projectRoot = "";
			targets = (
				84C065152C3DABEB00320ACA /* WordFinder */,
				84C065252C3DABEF00320ACA /* WordFinderTests */,
				84C0652F2C3DABEF00320ACA /* WordFinderUITests */,
			);
		};
/* End PBXProject section */

/* Begin PBXResourcesBuildPhase section */
		84C065142C3DABEB00320ACA /* Resources */ = {
			isa = PBXResourcesBuildPhase;
			buildActionMask = 2147483647;
			files = (
				84C065212C3DABEE00320ACA /* Preview Assets.xcassets in Resources */,
				84C0651E2C3DABEE00320ACA /* Assets.xcassets in Resources */,
			);
			runOnlyForDeploymentPostprocessing = 0;
		};
		84C065242C3DABEF00320ACA /* Resources */ = {
			isa = PBXResourcesBuildPhase;
			buildActionMask = 2147483647;
			files = (
			);
			runOnlyForDeploymentPostprocessing = 0;
		};
		84C0652E2C3DABEF00320ACA /* Resources */ = {
			isa = PBXResourcesBuildPhase;
			buildActionMask = 2147483647;
			files = (
			);
			runOnlyForDeploymentPostprocessing = 0;
		};
/* End PBXResourcesBuildPhase section */

/* Begin PBXSourcesBuildPhase section */
		84C065122C3DABEB00320ACA /* Sources */ = {
			isa = PBXSourcesBuildPhase;
			buildActionMask = 2147483647;
			files = (
				84C0651C2C3DABEB00320ACA /* ContentView.swift in Sources */,
				84C0651A2C3DABEB00320ACA /* WordFinderApp.swift in Sources */,
			);
			runOnlyForDeploymentPostprocessing = 0;
		};
		84C065222C3DABEF00320ACA /* Sources */ = {
			isa = PBXSourcesBuildPhase;
			buildActionMask = 2147483647;
			files = (
				84C0652B2C3DABEF00320ACA /* WordFinderTests.swift in Sources */,
			);
			runOnlyForDeploymentPostprocessing = 0;
		};
		84C0652C2C3DABEF00320ACA /* Sources */ = {
			isa = PBXSourcesBuildPhase;
			buildActionMask = 2147483647;
			files = (
				84C065372C3DABEF00320ACA /* WordFinderUITestsLaunchTests.swift in Sources */,
				84C065352C3DABEF00320ACA /* WordFinderUITests.swift in Sources */,
			);
			runOnlyForDeploymentPostprocessing = 0;
		};
/* End PBXSourcesBuildPhase section */

/* Begin PBXTargetDependency section */
		84C065282C3DABEF00320ACA /* PBXTargetDependency */ = {
			isa = PBXTargetDependency;
			target = 84C065152C3DABEB00320ACA /* WordFinder */;
			targetProxy = 84C065272C3DABEF00320ACA /* PBXContainerItemProxy */;
		};
		84C065322C3DABEF00320ACA /* PBXTargetDependency */ = {
			isa = PBXTargetDependency;
			target = 84C065152C3DABEB00320ACA /* WordFinder */;
			targetProxy = 84C065312C3DABEF00320ACA /* PBXContainerItemProxy */;
		};
/* End PBXTargetDependency section */

/* Begin XCBuildConfiguration section */
		84C065382C3DABEF00320ACA /* Debug */ = {
			isa = XCBuildConfiguration;
			buildSettings = {
				ALWAYS_SEARCH_USER_PATHS = NO;
				ASSETCATALOG_COMPILER_GENERATE_SWIFT_ASSET_SYMBOL_EXTENSIONS = YES;
				CLANG_ANALYZER_NONNULL = YES;
				CLANG_ANALYZER_NUMBER_OBJECT_CONVERSION = YES_AGGRESSIVE;
				CLANG_CXX_LANGUAGE_STANDARD = "gnu++20";
				CLANG_ENABLE_MODULES = YES;
				CLANG_ENABLE_OBJC_ARC = YES;
				CLANG_ENABLE_OBJC_WEAK = YES;
				CLANG_WARN_BLOCK_CAPTURE_AUTORELEASING = YES;
				CLANG_WARN_BOOL_CONVERSION = YES;
				CLANG_WARN_COMMA = YES;
				CLANG_WARN_CONSTANT_CONVERSION = YES;
				CLANG_WARN_DEPRECATED_OBJC_IMPLEMENTATIONS = YES;
				CLANG_WARN_DIRECT_OBJC_ISA_USAGE = YES_ERROR;
				CLANG_WARN_DOCUMENTATION_COMMENTS = YES;
				CLANG_WARN_EMPTY_BODY = YES;
				CLANG_WARN_ENUM_CONVERSION = YES;
				CLANG_WARN_INFINITE_RECURSION = YES;
				CLANG_WARN_INT_CONVERSION = YES;
				CLANG_WARN_NON_LITERAL_NULL_CONVERSION = YES;
				CLANG_WARN_OBJC_IMPLICIT_RETAIN_SELF = YES;
				CLANG_WARN_OBJC_LITERAL_CONVERSION = YES;
				CLANG_WARN_OBJC_ROOT_CLASS = YES_ERROR;
				CLANG_WARN_QUOTED_INCLUDE_IN_FRAMEWORK_HEADER = YES;
				CLANG_WARN_RANGE_LOOP_ANALYSIS = YES;
				CLANG_WARN_STRICT_PROTOTYPES = YES;
				CLANG_WARN_SUSPICIOUS_MOVE = YES;
				CLANG_WARN_UNGUARDED_AVAILABILITY = YES_AGGRESSIVE;
				CLANG_WARN_UNREACHABLE_CODE = YES;
				CLANG_WARN__DUPLICATE_METHOD_MATCH = YES;
				COPY_PHASE_STRIP = NO;
				DEBUG_INFORMATION_FORMAT = dwarf;
				ENABLE_STRICT_OBJC_MSGSEND = YES;
				ENABLE_TESTABILITY = YES;
				ENABLE_USER_SCRIPT_SANDBOXING = YES;
				GCC_C_LANGUAGE_STANDARD = gnu17;
				GCC_DYNAMIC_NO_PIC = NO;
				GCC_NO_COMMON_BLOCKS = YES;
				GCC_OPTIMIZATION_LEVEL = 0;
				GCC_PREPROCESSOR_DEFINITIONS = (
					"DEBUG=1",
					"$(inherited)",
				);
				GCC_WARN_64_TO_32_BIT_CONVERSION = YES;
				GCC_WARN_ABOUT_RETURN_TYPE = YES_ERROR;
				GCC_WARN_UNDECLARED_SELECTOR = YES;
				GCC_WARN_UNINITIALIZED_AUTOS = YES_AGGRESSIVE;
				GCC_WARN_UNUSED_FUNCTION = YES;
				GCC_WARN_UNUSED_VARIABLE = YES;
				IPHONEOS_DEPLOYMENT_TARGET = 16.0;
				LOCALIZATION_PREFERS_STRING_CATALOGS = YES;
				MTL_ENABLE_DEBUG_INFO = INCLUDE_SOURCE;
				MTL_FAST_MATH = YES;
				ONLY_ACTIVE_ARCH = YES;
				SDKROOT = iphoneos;
				SWIFT_ACTIVE_COMPILATION_CONDITIONS = "DEBUG $(inherited)";
				SWIFT_OPTIMIZATION_LEVEL = "-Onone";
			};
			name = Debug;
		};
		84C065392C3DABEF00320ACA /* Release */ = {
			isa = XCBuildConfiguration;
			buildSettings = {
				ALWAYS_SEARCH_USER_PATHS = NO;
				ASSETCATALOG_COMPILER_GENERATE_SWIFT_ASSET_SYMBOL_EXTENSIONS = YES;
				CLANG_ANALYZER_NONNULL = YES;
				CLANG_ANALYZER_NUMBER_OBJECT_CONVERSION = YES_AGGRESSIVE;
				CLANG_CXX_LANGUAGE_STANDARD = "gnu++20";
				CLANG_ENABLE_MODULES = YES;
				CLANG_ENABLE_OBJC_ARC = YES;
				CLANG_ENABLE_OBJC_WEAK = YES;
				CLANG_WARN_BLOCK_CAPTURE_AUTORELEASING = YES;
				CLANG_WARN_BOOL_CONVERSION = YES;
				CLANG_WARN_COMMA = YES;
				CLANG_WARN_CONSTANT_CONVERSION = YES;
				CLANG_WARN_DEPRECATED_OBJC_IMPLEMENTATIONS = YES;
				CLANG_WARN_DIRECT_OBJC_ISA_USAGE = YES_ERROR;
				CLANG_WARN_DOCUMENTATION_COMMENTS = YES;
				CLANG_WARN_EMPTY_BODY = YES;
				CLANG_WARN_ENUM_CONVERSION = YES;
				CLANG_WARN_INFINITE_RECURSION = YES;
				CLANG_WARN_INT_CONVERSION = YES;
				CLANG_WARN_NON_LITERAL_NULL_CONVERSION = YES;
				CLANG_WARN_OBJC_IMPLICIT_RETAIN_SELF = YES;
				CLANG_WARN_OBJC_LITERAL_CONVERSION = YES;
				CLANG_WARN_OBJC_ROOT_CLASS = YES_ERROR;
				CLANG_WARN_QUOTED_INCLUDE_IN_FRAMEWORK_HEADER = YES;
				CLANG_WARN_RANGE_LOOP_ANALYSIS = YES;
				CLANG_WARN_STRICT_PROTOTYPES = YES;
				CLANG_WARN_SUSPICIOUS_MOVE = YES;
				CLANG_WARN_UNGUARDED_AVAILABILITY = YES_AGGRESSIVE;
				CLANG_WARN_UNREACHABLE_CODE = YES;
				CLANG_WARN__DUPLICATE_METHOD_MATCH = YES;
				COPY_PHASE_STRIP = NO;
				DEBUG_INFORMATION_FORMAT = "dwarf-with-dsym";
				ENABLE_NS_ASSERTIONS = NO;
				ENABLE_STRICT_OBJC_MSGSEND = YES;
				ENABLE_USER_SCRIPT_SANDBOXING = YES;
				GCC_C_LANGUAGE_STANDARD = gnu17;
				GCC_NO_COMMON_BLOCKS = YES;
				GCC_WARN_64_TO_32_BIT_CONVERSION = YES;
				GCC_WARN_ABOUT_RETURN_TYPE = YES_ERROR;
				GCC_WARN_UNDECLARED_SELECTOR = YES;
				GCC_WARN_UNINITIALIZED_AUTOS = YES_AGGRESSIVE;
				GCC_WARN_UNUSED_FUNCTION = YES;
				GCC_WARN_UNUSED_VARIABLE = YES;
				IPHONEOS_DEPLOYMENT_TARGET = 16.0;
				LOCALIZATION_PREFERS_STRING_CATALOGS = YES;
				MTL_ENABLE_DEBUG_INFO = NO;
				MTL_FAST_MATH = YES;
				SDKROOT = iphoneos;
				SWIFT_COMPILATION_MODE = wholemodule;
				VALIDATE_PRODUCT = YES;
			};
			name = Release;
		};
		84C0653B2C3DABEF00320ACA /* Debug */ = {
			isa = XCBuildConfiguration;
			buildSettings = {
				ASSETCATALOG_COMPILER_APPICON_NAME = AppIcon;
				ASSETCATALOG_COMPILER_GLOBAL_ACCENT_COLOR_NAME = AccentColor;
				CODE_SIGN_STYLE = Automatic;
				CURRENT_PROJECT_VERSION = 1;
				DEVELOPMENT_ASSET_PATHS = "\"WordFinder/Preview Content\"";
				ENABLE_PREVIEWS = YES;
				GENERATE_INFOPLIST_FILE = YES;
				INFOPLIST_FILE = WordFinder/Info.plist;
				INFOPLIST_KEY_UIApplicationSceneManifest_Generation = YES;
				INFOPLIST_KEY_UIApplicationSupportsIndirectInputEvents = YES;
				INFOPLIST_KEY_UILaunchScreen_Generation = YES;
				INFOPLIST_KEY_UISupportedInterfaceOrientations_iPad = "UIInterfaceOrientationPortrait UIInterfaceOrientationPortraitUpsideDown UIInterfaceOrientationLandscapeLeft UIInterfaceOrientationLandscapeRight";
				INFOPLIST_KEY_UISupportedInterfaceOrientations_iPhone = "UIInterfaceOrientationPortrait UIInterfaceOrientationLandscapeLeft UIInterfaceOrientationLandscapeRight";
				LD_RUNPATH_SEARCH_PATHS = (
					"$(inherited)",
					"@executable_path/Frameworks",
				);
				MARKETING_VERSION = 1.0;
				PRODUCT_BUNDLE_IDENTIFIER = com.amr.banquemisr.challenge05.WordFinder;
				PRODUCT_NAME = "$(TARGET_NAME)";
				SWIFT_EMIT_LOC_STRINGS = YES;
				SWIFT_VERSION = 5.0;
				TARGETED_DEVICE_FAMILY = "1,2";
			};
			name = Debug;
		};
		84C0653C2C3DABEF00320ACA /* Release */ = {
			isa = XCBuildConfiguration;
			buildSettings = {
				ASSETCATALOG_COMPILER_APPICON_NAME = AppIcon;
				ASSETCATALOG_COMPILER_GLOBAL_ACCENT_COLOR_NAME = AccentColor;
				CODE_SIGN_STYLE = Automatic;
				CURRENT_PROJECT_VERSION = 1;
				DEVELOPMENT_ASSET_PATHS = "\"WordFinder/Preview Content\"";
				ENABLE_PREVIEWS = YES;
				GENERATE_INFOPLIST_FILE = YES;
				INFOPLIST_FILE = WordFinder/Info.plist;
				INFOPLIST_KEY_UIApplicationSceneManifest_Generation = YES;
				INFOPLIST_KEY_UIApplicationSupportsIndirectInputEvents = YES;
				INFOPLIST_KEY_UILaunchScreen_Generation = YES;
				INFOPLIST_KEY_UISupportedInterfaceOrientations_iPad = "UIInterfaceOrientationPortrait UIInterfaceOrientationPortraitUpsideDown UIInterfaceOrientationLandscapeLeft UIInterfaceOrientationLandscapeRight";
				INFOPLIST_KEY_UISupportedInterfaceOrientations_iPhone = "UIInterfaceOrientationPortrait UIInterfaceOrientationLandscapeLeft UIInterfaceOrientationLandscapeRight";
				LD_RUNPATH_SEARCH_PATHS = (
					"$(inherited)",
					"@executable_path/Frameworks",
				);
				MARKETING_VERSION = 1.0;
				PRODUCT_BUNDLE_IDENTIFIER = com.amr.banquemisr.challenge05.WordFinder;
				PRODUCT_NAME = "$(TARGET_NAME)";
				SWIFT_EMIT_LOC_STRINGS = YES;
				SWIFT_VERSION = 5.0;
				TARGETED_DEVICE_FAMILY = "1,2";
			};
			name = Release;
		};
		84C0653E2C3DABEF00320ACA /* Debug */ = {
			isa = XCBuildConfiguration;
			buildSettings = {
				ALWAYS_EMBED_SWIFT_STANDARD_LIBRARIES = YES;
				BUNDLE_LOADER = "$(TEST_HOST)";
				CODE_SIGN_STYLE = Automatic;
				CURRENT_PROJECT_VERSION = 1;
				GENERATE_INFOPLIST_FILE = YES;
				IPHONEOS_DEPLOYMENT_TARGET = 17.0;
				MARKETING_VERSION = 1.0;
				PRODUCT_BUNDLE_IDENTIFIER = com.amr.banquemisr.challenge05.WordFinderTests;
				PRODUCT_NAME = "$(TARGET_NAME)";
				SWIFT_EMIT_LOC_STRINGS = NO;
				SWIFT_VERSION = 5.0;
				TARGETED_DEVICE_FAMILY = "1,2";
				TEST_HOST = "$(BUILT_PRODUCTS_DIR)/WordFinder.app/$(BUNDLE_EXECUTABLE_FOLDER_PATH)/WordFinder";
			};
			name = Debug;
		};
		84C0653F2C3DABEF00320ACA /* Release */ = {
			isa = XCBuildConfiguration;
			buildSettings = {
				ALWAYS_EMBED_SWIFT_STANDARD_LIBRARIES = YES;
				BUNDLE_LOADER = "$(TEST_HOST)";
				CODE_SIGN_STYLE = Automatic;
				CURRENT_PROJECT_VERSION = 1;
				GENERATE_INFOPLIST_FILE = YES;
				IPHONEOS_DEPLOYMENT_TARGET = 17.0;
				MARKETING_VERSION = 1.0;
				PRODUCT_BUNDLE_IDENTIFIER = com.amr.banquemisr.challenge05.WordFinderTests;
				PRODUCT_NAME = "$(TARGET_NAME)";
				SWIFT_EMIT_LOC_STRINGS = NO;
				SWIFT_VERSION = 5.0;
				TARGETED_DEVICE_FAMILY = "1,2";
				TEST_HOST = "$(BUILT_PRODUCTS_DIR)/WordFinder.app/$(BUNDLE_EXECUTABLE_FOLDER_PATH)/WordFinder";
			};
			name = Release;
		};
		84C065412C3DABEF00320ACA /* Debug */ = {
			isa = XCBuildConfiguration;
			buildSettings = {
				ALWAYS_EMBED_SWIFT_STANDARD_LIBRARIES = YES;
				CODE_SIGN_STYLE = Automatic;
				CURRENT_PROJECT_VERSION = 1;
				GENERATE_INFOPLIST_FILE = YES;
				MARKETING_VERSION = 1.0;
				PRODUCT_BUNDLE_IDENTIFIER = com.amr.banquemisr.challenge05.WordFinderUITests;
				PRODUCT_NAME = "$(TARGET_NAME)";
				SWIFT_EMIT_LOC_STRINGS = NO;
				SWIFT_VERSION = 5.0;
				TARGETED_DEVICE_FAMILY = "1,2";
				TEST_TARGET_NAME = WordFinder;
			};
			name = Debug;
		};
		84C065422C3DABEF00320ACA /* Release */ = {
			isa = XCBuildConfiguration;
			buildSettings = {
				ALWAYS_EMBED_SWIFT_STANDARD_LIBRARIES = YES;
				CODE_SIGN_STYLE = Automatic;
				CURRENT_PROJECT_VERSION = 1;
				GENERATE_INFOPLIST_FILE = YES;
				MARKETING_VERSION = 1.0;
				PRODUCT_BUNDLE_IDENTIFIER = com.amr.banquemisr.challenge05.WordFinderUITests;
				PRODUCT_NAME = "$(TARGET_NAME)";
				SWIFT_EMIT_LOC_STRINGS = NO;
				SWIFT_VERSION = 5.0;
				TARGETED_DEVICE_FAMILY = "1,2";
				TEST_TARGET_NAME = WordFinder;
			};
			name = Release;
		};
/* End XCBuildConfiguration section */

/* Begin XCConfigurationList section */
		84C065112C3DABEA00320ACA /* Build configuration list for PBXProject "WordFinder" */ = {
			isa = XCConfigurationList;
			buildConfigurations = (
				84C065382C3DABEF00320ACA /* Debug */,
				84C065392C3DABEF00320ACA /* Release */,
			);
			defaultConfigurationIsVisible = 0;
			defaultConfigurationName = Release;
		};
		84C0653A2C3DABEF00320ACA /* Build configuration list for PBXNativeTarget "WordFinder" */ = {
			isa = XCConfigurationList;
			buildConfigurations = (
				84C0653B2C3DABEF00320ACA /* Debug */,
				84C0653C2C3DABEF00320ACA /* Release */,
			);
			defaultConfigurationIsVisible = 0;
			defaultConfigurationName = Release;
		};
		84C0653D2C3DABEF00320ACA /* Build configuration list for PBXNativeTarget "WordFinderTests" */ = {
			isa = XCConfigurationList;
			buildConfigurations = (
				84C0653E2C3DABEF00320ACA /* Debug */,
				84C0653F2C3DABEF00320ACA /* Release */,
			);
			defaultConfigurationIsVisible = 0;
			defaultConfigurationName = Release;
		};
		84C065402C3DABEF00320ACA /* Build configuration list for PBXNativeTarget "WordFinderUITests" */ = {
			isa = XCConfigurationList;
			buildConfigurations = (
				84C065412C3DABEF00320ACA /* Debug */,
				84C065422C3DABEF00320ACA /* Release */,
			);
			defaultConfigurationIsVisible = 0;
			defaultConfigurationName = Release;
		};
/* End XCConfigurationList section */

/* Begin XCSwiftPackageProductDependency section */
		84D54E622C3E08D60086FFCB /* Search */ = {
			isa = XCSwiftPackageProductDependency;
			productName = Search;
		};
/* End XCSwiftPackageProductDependency section */
	};
	rootObject = 84C0650E2C3DABEA00320ACA /* Project object */;
}
